
Microsoft Visual Studio Solution File, Format Version 12.00
# Visual Studio Version 16
VisualStudioVersion = 16.0.31129.286
MinimumVisualStudioVersion = 10.0.40219.1
Project("{FAE04EC0-301F-11D3-BF4B-00C04F79EFBC}") = "AshV.PortalTranslator.XTB", "AshV.PortalTranslator.XTB.csproj", "{FEB41A39-3D60-4E04-90C9-428556C54568}"
EndProject
Global
	GlobalSection(SolutionConfigurationPlatforms) = preSolution
		Debug|Any CPU = Debug|Any CPU
		Release|Any CPU = Release|Any CPU
	EndGlobalSection
	GlobalSection(ProjectConfigurationPlatforms) = postSolution
		{FEB41A39-3D60-4E04-90C9-428556C54568}.Debug|Any CPU.ActiveCfg = Debug|Any CPU
		{FEB41A39-3D60-4E04-90C9-428556C54568}.Debug|Any CPU.Build.0 = Debug|Any CPU
		{FEB41A39-3D60-4E04-90C9-428556C54568}.Release|Any CPU.ActiveCfg = Release|Any CPU
		{FEB41A39-3D60-4E04-90C9-428556C54568}.Release|Any CPU.Build.0 = Release|Any CPU
	EndGlobalSection
	GlobalSection(SolutionProperties) = preSolution
		HideSolutionNode = FALSE
	EndGlobalSection
	GlobalSection(ExtensibilityGlobals) = postSolution
		SolutionGuid = {0EEB8013-1125-445F-BE84-463A7F2CC3FA}
	EndGlobalSection
EndGlobal
